// !$*UTF8*$!
{
	archiveVersion = 1;
	classes = {
	};
	objectVersion = 56;
	objects = {

/* Begin PBXBuildFile section */
		2D7E2F652ACAB4DB00567507 /* PreloaderView.swift in Sources */ = {isa = PBXBuildFile; fileRef = 2D7E2F642ACAB4DB00567507 /* PreloaderView.swift */; };
		2D7E2F6A2ACAD8F300567507 /* Color.swift in Sources */ = {isa = PBXBuildFile; fileRef = 2D7E2F692ACAD8F300567507 /* Color.swift */; };
		2D7E2F6C2ACAE44900567507 /* Font.swift in Sources */ = {isa = PBXBuildFile; fileRef = 2D7E2F6B2ACAE44900567507 /* Font.swift */; };
		2D7E2F6E2ACAFCAC00567507 /* HomeCellView.swift in Sources */ = {isa = PBXBuildFile; fileRef = 2D7E2F6D2ACAFCAC00567507 /* HomeCellView.swift */; };
		2D7E2F702ACAFCDE00567507 /* HomeCellVM.swift in Sources */ = {isa = PBXBuildFile; fileRef = 2D7E2F6F2ACAFCDE00567507 /* HomeCellVM.swift */; };
		2D7E2F782ACB229100567507 /* Match.swift in Sources */ = {isa = PBXBuildFile; fileRef = 2D7E2F772ACB229100567507 /* Match.swift */; };
		2D7E2F7A2ACB22BF00567507 /* OnBoarding.swift in Sources */ = {isa = PBXBuildFile; fileRef = 2D7E2F792ACB22BF00567507 /* OnBoarding.swift */; };
		2D7E2F7C2ACB237000567507 /* DependencyContainer.swift in Sources */ = {isa = PBXBuildFile; fileRef = 2D7E2F7B2ACB237000567507 /* DependencyContainer.swift */; };
		2D7E2F7E2ACB2B4300567507 /* LeftTabView.swift in Sources */ = {isa = PBXBuildFile; fileRef = 2D7E2F7D2ACB2B4300567507 /* LeftTabView.swift */; };
		2D7E2F802ACB2B6500567507 /* RightTabView.swift in Sources */ = {isa = PBXBuildFile; fileRef = 2D7E2F7F2ACB2B6500567507 /* RightTabView.swift */; };
		2D7E2F822ACB2BDB00567507 /* TabsView.swift in Sources */ = {isa = PBXBuildFile; fileRef = 2D7E2F812ACB2BDB00567507 /* TabsView.swift */; };
		2D7E2F852ACB2C5D00567507 /* MathDetailVM.swift in Sources */ = {isa = PBXBuildFile; fileRef = 2D7E2F842ACB2C5D00567507 /* MathDetailVM.swift */; };
		2D7E2F872ACB37EC00567507 /* DetailsTitleView.swift in Sources */ = {isa = PBXBuildFile; fileRef = 2D7E2F862ACB37EC00567507 /* DetailsTitleView.swift */; };
		2D7E2F892ACBDFEE00567507 /* AppState.swift in Sources */ = {isa = PBXBuildFile; fileRef = 2D7E2F882ACBDFEE00567507 /* AppState.swift */; };
		2D7E2F8D2ACBE12000567507 /* RootVM.swift in Sources */ = {isa = PBXBuildFile; fileRef = 2D7E2F8B2ACBE12000567507 /* RootVM.swift */; };
		2D7E2F8E2ACBE12000567507 /* RootView.swift in Sources */ = {isa = PBXBuildFile; fileRef = 2D7E2F8C2ACBE12000567507 /* RootView.swift */; };
		2D7E2F902ACBE17E00567507 /* HomeVM.swift in Sources */ = {isa = PBXBuildFile; fileRef = 2D7E2F8F2ACBE17E00567507 /* HomeVM.swift */; };
		2D7E2F952ACBE47A00567507 /* DataService.swift in Sources */ = {isa = PBXBuildFile; fileRef = 2D7E2F942ACBE47A00567507 /* DataService.swift */; };
		2D7E2F972ACBE84100567507 /* OnBoardingVM.swift in Sources */ = {isa = PBXBuildFile; fileRef = 2D7E2F962ACBE84100567507 /* OnBoardingVM.swift */; };
		2D7E2F992ACBED5100567507 /* BaseVM.swift in Sources */ = {isa = PBXBuildFile; fileRef = 2D7E2F982ACBED5100567507 /* BaseVM.swift */; };
		2D7E2F9B2ACBF06D00567507 /* Event.swift in Sources */ = {isa = PBXBuildFile; fileRef = 2D7E2F9A2ACBF06D00567507 /* Event.swift */; };
		2D7E2F9D2ACBF3C200567507 /* H2H.swift in Sources */ = {isa = PBXBuildFile; fileRef = 2D7E2F9C2ACBF3C200567507 /* H2H.swift */; };
		2D7E2FA12ACC02A700567507 /* EventCellVM.swift in Sources */ = {isa = PBXBuildFile; fileRef = 2D7E2F9F2ACC02A700567507 /* EventCellVM.swift */; };
		2D7E2FA22ACC02A700567507 /* EventCellView.swift in Sources */ = {isa = PBXBuildFile; fileRef = 2D7E2FA02ACC02A700567507 /* EventCellView.swift */; };
		2D7E2FA52ACC197F00567507 /* H2HCellVM.swift in Sources */ = {isa = PBXBuildFile; fileRef = 2D7E2FA32ACC197F00567507 /* H2HCellVM.swift */; };
		2D7E2FA62ACC197F00567507 /* H2HCellView.swift in Sources */ = {isa = PBXBuildFile; fileRef = 2D7E2FA42ACC197F00567507 /* H2HCellView.swift */; };
		7855F7DB2AC72D3B00E1B520 /* HomeView.swift in Sources */ = {isa = PBXBuildFile; fileRef = 7855F7DA2AC72D3B00E1B520 /* HomeView.swift */; };
		7855F7DD2AC72D8300E1B520 /* Router.swift in Sources */ = {isa = PBXBuildFile; fileRef = 7855F7DC2AC72D8300E1B520 /* Router.swift */; };
		7855F7DF2AC72DF400E1B520 /* OnBoardingView.swift in Sources */ = {isa = PBXBuildFile; fileRef = 7855F7DE2AC72DF400E1B520 /* OnBoardingView.swift */; };
		7855F7E12AC72F2A00E1B520 /* MathDetailView.swift in Sources */ = {isa = PBXBuildFile; fileRef = 7855F7E02AC72F2A00E1B520 /* MathDetailView.swift */; };
		78A8E98D2ACDB60900778FD6 /* SF-Pro.ttf in Resources */ = {isa = PBXBuildFile; fileRef = 78A8E97A2ACDB60800778FD6 /* SF-Pro.ttf */; };
		78A8E9902ACDB60900778FD6 /* SF-Pro-Text-Light.otf in Resources */ = {isa = PBXBuildFile; fileRef = 78A8E97D2ACDB60900778FD6 /* SF-Pro-Text-Light.otf */; };
		78A8E9932ACDB60900778FD6 /* SF-Pro-Text-Bold.otf in Resources */ = {isa = PBXBuildFile; fileRef = 78A8E9802ACDB60900778FD6 /* SF-Pro-Text-Bold.otf */; };
		78A8E9942ACDB60900778FD6 /* SF-Pro-Text-Semibold.otf in Resources */ = {isa = PBXBuildFile; fileRef = 78A8E9812ACDB60900778FD6 /* SF-Pro-Text-Semibold.otf */; };
		78A8E9952ACDB60900778FD6 /* SF-Pro-Text-Thin.otf in Resources */ = {isa = PBXBuildFile; fileRef = 78A8E9822ACDB60900778FD6 /* SF-Pro-Text-Thin.otf */; };
		78A8E9982ACDB60900778FD6 /* SF-Pro-Text-Heavy.otf in Resources */ = {isa = PBXBuildFile; fileRef = 78A8E9852ACDB60900778FD6 /* SF-Pro-Text-Heavy.otf */; };
		78A8E9992ACDB60900778FD6 /* SF-Pro-Text-Regular.otf in Resources */ = {isa = PBXBuildFile; fileRef = 78A8E9862ACDB60900778FD6 /* SF-Pro-Text-Regular.otf */; };
		78A8E99B2ACDB60900778FD6 /* SF-Pro-Text-Black.otf in Resources */ = {isa = PBXBuildFile; fileRef = 78A8E9882ACDB60900778FD6 /* SF-Pro-Text-Black.otf */; };
		78A8E9A02ACDB7D900778FD6 /* SF-Pro.ttf in Resources */ = {isa = PBXBuildFile; fileRef = 78A8E97A2ACDB60800778FD6 /* SF-Pro.ttf */; };
		78A8E9A12ACDB7D900778FD6 /* SF-Pro.ttf in Resources */ = {isa = PBXBuildFile; fileRef = 78A8E97A2ACDB60800778FD6 /* SF-Pro.ttf */; };
		78A8E9A52ACDCBE300778FD6 /* SF-Pro-Display-Bold.otf in Resources */ = {isa = PBXBuildFile; fileRef = 78A8E9A42ACDCBE300778FD6 /* SF-Pro-Display-Bold.otf */; };
		78A8E9A72ACDD0AC00778FD6 /* SF-Pro-Display-Semibold.otf in Resources */ = {isa = PBXBuildFile; fileRef = 78A8E9A62ACDD0AC00778FD6 /* SF-Pro-Display-Semibold.otf */; };
		78DA963F2AC727E40095A49E /* FootballTestTaskApp.swift in Sources */ = {isa = PBXBuildFile; fileRef = 78DA963E2AC727E40095A49E /* FootballTestTaskApp.swift */; };
		78DA96432AC727E50095A49E /* Assets.xcassets in Resources */ = {isa = PBXBuildFile; fileRef = 78DA96422AC727E50095A49E /* Assets.xcassets */; };
		78DA96462AC727E50095A49E /* Preview Assets.xcassets in Resources */ = {isa = PBXBuildFile; fileRef = 78DA96452AC727E50095A49E /* Preview Assets.xcassets */; };
		78DA96502AC727E60095A49E /* FootballTestTaskTests.swift in Sources */ = {isa = PBXBuildFile; fileRef = 78DA964F2AC727E60095A49E /* FootballTestTaskTests.swift */; };
		78DA965A2AC727E60095A49E /* FootballTestTaskUITests.swift in Sources */ = {isa = PBXBuildFile; fileRef = 78DA96592AC727E60095A49E /* FootballTestTaskUITests.swift */; };
		78DA965C2AC727E60095A49E /* FootballTestTaskUITestsLaunchTests.swift in Sources */ = {isa = PBXBuildFile; fileRef = 78DA965B2AC727E60095A49E /* FootballTestTaskUITestsLaunchTests.swift */; };
/* End PBXBuildFile section */

/* Begin PBXContainerItemProxy section */
		78DA964C2AC727E60095A49E /* PBXContainerItemProxy */ = {
			isa = PBXContainerItemProxy;
			containerPortal = 78DA96332AC727E40095A49E /* Project object */;
			proxyType = 1;
			remoteGlobalIDString = 78DA963A2AC727E40095A49E;
			remoteInfo = FootballTestTask;
		};
		78DA96562AC727E60095A49E /* PBXContainerItemProxy */ = {
			isa = PBXContainerItemProxy;
			containerPortal = 78DA96332AC727E40095A49E /* Project object */;
			proxyType = 1;
			remoteGlobalIDString = 78DA963A2AC727E40095A49E;
			remoteInfo = FootballTestTask;
		};
/* End PBXContainerItemProxy section */

/* Begin PBXFileReference section */
		2D7E2F642ACAB4DB00567507 /* PreloaderView.swift */ = {isa = PBXFileReference; lastKnownFileType = sourcecode.swift; path = PreloaderView.swift; sourceTree = "<group>"; };
		2D7E2F672ACABE6E00567507 /* Info.plist */ = {isa = PBXFileReference; lastKnownFileType = text.plist; path = Info.plist; sourceTree = "<group>"; };
		2D7E2F692ACAD8F300567507 /* Color.swift */ = {isa = PBXFileReference; lastKnownFileType = sourcecode.swift; path = Color.swift; sourceTree = "<group>"; };
		2D7E2F6B2ACAE44900567507 /* Font.swift */ = {isa = PBXFileReference; lastKnownFileType = sourcecode.swift; path = Font.swift; sourceTree = "<group>"; };
		2D7E2F6D2ACAFCAC00567507 /* HomeCellView.swift */ = {isa = PBXFileReference; lastKnownFileType = sourcecode.swift; path = HomeCellView.swift; sourceTree = "<group>"; };
		2D7E2F6F2ACAFCDE00567507 /* HomeCellVM.swift */ = {isa = PBXFileReference; lastKnownFileType = sourcecode.swift; path = HomeCellVM.swift; sourceTree = "<group>"; };
		2D7E2F772ACB229100567507 /* Match.swift */ = {isa = PBXFileReference; lastKnownFileType = sourcecode.swift; path = Match.swift; sourceTree = "<group>"; };
		2D7E2F792ACB22BF00567507 /* OnBoarding.swift */ = {isa = PBXFileReference; lastKnownFileType = sourcecode.swift; path = OnBoarding.swift; sourceTree = "<group>"; };
		2D7E2F7B2ACB237000567507 /* DependencyContainer.swift */ = {isa = PBXFileReference; fileEncoding = 4; lastKnownFileType = sourcecode.swift; path = DependencyContainer.swift; sourceTree = "<group>"; };
		2D7E2F7D2ACB2B4300567507 /* LeftTabView.swift */ = {isa = PBXFileReference; lastKnownFileType = sourcecode.swift; path = LeftTabView.swift; sourceTree = "<group>"; };
		2D7E2F7F2ACB2B6500567507 /* RightTabView.swift */ = {isa = PBXFileReference; lastKnownFileType = sourcecode.swift; path = RightTabView.swift; sourceTree = "<group>"; };
		2D7E2F812ACB2BDB00567507 /* TabsView.swift */ = {isa = PBXFileReference; lastKnownFileType = sourcecode.swift; path = TabsView.swift; sourceTree = "<group>"; };
		2D7E2F842ACB2C5D00567507 /* MathDetailVM.swift */ = {isa = PBXFileReference; lastKnownFileType = sourcecode.swift; path = MathDetailVM.swift; sourceTree = "<group>"; };
		2D7E2F862ACB37EC00567507 /* DetailsTitleView.swift */ = {isa = PBXFileReference; lastKnownFileType = sourcecode.swift; path = DetailsTitleView.swift; sourceTree = "<group>"; };
		2D7E2F882ACBDFEE00567507 /* AppState.swift */ = {isa = PBXFileReference; lastKnownFileType = sourcecode.swift; path = AppState.swift; sourceTree = "<group>"; };
		2D7E2F8B2ACBE12000567507 /* RootVM.swift */ = {isa = PBXFileReference; fileEncoding = 4; lastKnownFileType = sourcecode.swift; path = RootVM.swift; sourceTree = "<group>"; };
		2D7E2F8C2ACBE12000567507 /* RootView.swift */ = {isa = PBXFileReference; fileEncoding = 4; lastKnownFileType = sourcecode.swift; path = RootView.swift; sourceTree = "<group>"; };
		2D7E2F8F2ACBE17E00567507 /* HomeVM.swift */ = {isa = PBXFileReference; lastKnownFileType = sourcecode.swift; path = HomeVM.swift; sourceTree = "<group>"; };
		2D7E2F942ACBE47A00567507 /* DataService.swift */ = {isa = PBXFileReference; lastKnownFileType = sourcecode.swift; path = DataService.swift; sourceTree = "<group>"; };
		2D7E2F962ACBE84100567507 /* OnBoardingVM.swift */ = {isa = PBXFileReference; lastKnownFileType = sourcecode.swift; path = OnBoardingVM.swift; sourceTree = "<group>"; };
		2D7E2F982ACBED5100567507 /* BaseVM.swift */ = {isa = PBXFileReference; fileEncoding = 4; lastKnownFileType = sourcecode.swift; path = BaseVM.swift; sourceTree = "<group>"; };
		2D7E2F9A2ACBF06D00567507 /* Event.swift */ = {isa = PBXFileReference; lastKnownFileType = sourcecode.swift; path = Event.swift; sourceTree = "<group>"; };
		2D7E2F9C2ACBF3C200567507 /* H2H.swift */ = {isa = PBXFileReference; lastKnownFileType = sourcecode.swift; path = H2H.swift; sourceTree = "<group>"; };
		2D7E2F9F2ACC02A700567507 /* EventCellVM.swift */ = {isa = PBXFileReference; lastKnownFileType = sourcecode.swift; path = EventCellVM.swift; sourceTree = "<group>"; };
		2D7E2FA02ACC02A700567507 /* EventCellView.swift */ = {isa = PBXFileReference; lastKnownFileType = sourcecode.swift; path = EventCellView.swift; sourceTree = "<group>"; };
		2D7E2FA32ACC197F00567507 /* H2HCellVM.swift */ = {isa = PBXFileReference; lastKnownFileType = sourcecode.swift; path = H2HCellVM.swift; sourceTree = "<group>"; };
		2D7E2FA42ACC197F00567507 /* H2HCellView.swift */ = {isa = PBXFileReference; lastKnownFileType = sourcecode.swift; path = H2HCellView.swift; sourceTree = "<group>"; };
		7855F7DA2AC72D3B00E1B520 /* HomeView.swift */ = {isa = PBXFileReference; lastKnownFileType = sourcecode.swift; path = HomeView.swift; sourceTree = "<group>"; };
		7855F7DC2AC72D8300E1B520 /* Router.swift */ = {isa = PBXFileReference; lastKnownFileType = sourcecode.swift; path = Router.swift; sourceTree = "<group>"; };
		7855F7DE2AC72DF400E1B520 /* OnBoardingView.swift */ = {isa = PBXFileReference; lastKnownFileType = sourcecode.swift; path = OnBoardingView.swift; sourceTree = "<group>"; };
		7855F7E02AC72F2A00E1B520 /* MathDetailView.swift */ = {isa = PBXFileReference; lastKnownFileType = sourcecode.swift; path = MathDetailView.swift; sourceTree = "<group>"; };
		78A8E97A2ACDB60800778FD6 /* SF-Pro.ttf */ = {isa = PBXFileReference; lastKnownFileType = file; path = "SF-Pro.ttf"; sourceTree = "<group>"; };
		78A8E97D2ACDB60900778FD6 /* SF-Pro-Text-Light.otf */ = {isa = PBXFileReference; lastKnownFileType = file; path = "SF-Pro-Text-Light.otf"; sourceTree = "<group>"; };
		78A8E9802ACDB60900778FD6 /* SF-Pro-Text-Bold.otf */ = {isa = PBXFileReference; lastKnownFileType = file; path = "SF-Pro-Text-Bold.otf"; sourceTree = "<group>"; };
		78A8E9812ACDB60900778FD6 /* SF-Pro-Text-Semibold.otf */ = {isa = PBXFileReference; lastKnownFileType = file; path = "SF-Pro-Text-Semibold.otf"; sourceTree = "<group>"; };
		78A8E9822ACDB60900778FD6 /* SF-Pro-Text-Thin.otf */ = {isa = PBXFileReference; lastKnownFileType = file; path = "SF-Pro-Text-Thin.otf"; sourceTree = "<group>"; };
		78A8E9852ACDB60900778FD6 /* SF-Pro-Text-Heavy.otf */ = {isa = PBXFileReference; lastKnownFileType = file; path = "SF-Pro-Text-Heavy.otf"; sourceTree = "<group>"; };
		78A8E9862ACDB60900778FD6 /* SF-Pro-Text-Regular.otf */ = {isa = PBXFileReference; lastKnownFileType = file; path = "SF-Pro-Text-Regular.otf"; sourceTree = "<group>"; };
		78A8E9882ACDB60900778FD6 /* SF-Pro-Text-Black.otf */ = {isa = PBXFileReference; lastKnownFileType = file; path = "SF-Pro-Text-Black.otf"; sourceTree = "<group>"; };
		78A8E9A42ACDCBE300778FD6 /* SF-Pro-Display-Bold.otf */ = {isa = PBXFileReference; lastKnownFileType = file; path = "SF-Pro-Display-Bold.otf"; sourceTree = "<group>"; };
		78A8E9A62ACDD0AC00778FD6 /* SF-Pro-Display-Semibold.otf */ = {isa = PBXFileReference; lastKnownFileType = file; path = "SF-Pro-Display-Semibold.otf"; sourceTree = "<group>"; };
		78DA963B2AC727E40095A49E /* FootballTestTask.app */ = {isa = PBXFileReference; explicitFileType = wrapper.application; includeInIndex = 0; path = FootballTestTask.app; sourceTree = BUILT_PRODUCTS_DIR; };
		78DA963E2AC727E40095A49E /* FootballTestTaskApp.swift */ = {isa = PBXFileReference; lastKnownFileType = sourcecode.swift; path = FootballTestTaskApp.swift; sourceTree = "<group>"; };
		78DA96422AC727E50095A49E /* Assets.xcassets */ = {isa = PBXFileReference; lastKnownFileType = folder.assetcatalog; path = Assets.xcassets; sourceTree = "<group>"; };
		78DA96452AC727E50095A49E /* Preview Assets.xcassets */ = {isa = PBXFileReference; lastKnownFileType = folder.assetcatalog; path = "Preview Assets.xcassets"; sourceTree = "<group>"; };
		78DA964B2AC727E60095A49E /* FootballTestTaskTests.xctest */ = {isa = PBXFileReference; explicitFileType = wrapper.cfbundle; includeInIndex = 0; path = FootballTestTaskTests.xctest; sourceTree = BUILT_PRODUCTS_DIR; };
		78DA964F2AC727E60095A49E /* FootballTestTaskTests.swift */ = {isa = PBXFileReference; lastKnownFileType = sourcecode.swift; path = FootballTestTaskTests.swift; sourceTree = "<group>"; };
		78DA96552AC727E60095A49E /* FootballTestTaskUITests.xctest */ = {isa = PBXFileReference; explicitFileType = wrapper.cfbundle; includeInIndex = 0; path = FootballTestTaskUITests.xctest; sourceTree = BUILT_PRODUCTS_DIR; };
		78DA96592AC727E60095A49E /* FootballTestTaskUITests.swift */ = {isa = PBXFileReference; lastKnownFileType = sourcecode.swift; path = FootballTestTaskUITests.swift; sourceTree = "<group>"; };
		78DA965B2AC727E60095A49E /* FootballTestTaskUITestsLaunchTests.swift */ = {isa = PBXFileReference; lastKnownFileType = sourcecode.swift; path = FootballTestTaskUITestsLaunchTests.swift; sourceTree = "<group>"; };
/* End PBXFileReference section */

/* Begin PBXFrameworksBuildPhase section */
		78DA96382AC727E40095A49E /* Frameworks */ = {
			isa = PBXFrameworksBuildPhase;
			buildActionMask = 2147483647;
			files = (
			);
			runOnlyForDeploymentPostprocessing = 0;
		};
		78DA96482AC727E60095A49E /* Frameworks */ = {
			isa = PBXFrameworksBuildPhase;
			buildActionMask = 2147483647;
			files = (
			);
			runOnlyForDeploymentPostprocessing = 0;
		};
		78DA96522AC727E60095A49E /* Frameworks */ = {
			isa = PBXFrameworksBuildPhase;
			buildActionMask = 2147483647;
			files = (
			);
			runOnlyForDeploymentPostprocessing = 0;
		};
/* End PBXFrameworksBuildPhase section */

/* Begin PBXGroup section */
		2D7E2F682ACAD8DF00567507 /* Extensions */ = {
			isa = PBXGroup;
			children = (
				2D7E2F692ACAD8F300567507 /* Color.swift */,
				2D7E2F6B2ACAE44900567507 /* Font.swift */,
			);
			path = Extensions;
			sourceTree = "<group>";
		};
		2D7E2F712ACB21CC00567507 /* Home */ = {
			isa = PBXGroup;
			children = (
				2D7E2F912ACBE3C300567507 /* Cell */,
				7855F7DA2AC72D3B00E1B520 /* HomeView.swift */,
				2D7E2F8F2ACBE17E00567507 /* HomeVM.swift */,
			);
			path = Home;
			sourceTree = "<group>";
		};
		2D7E2F722ACB21EF00567507 /* MathDetails */ = {
			isa = PBXGroup;
			children = (
				7855F7E02AC72F2A00E1B520 /* MathDetailView.swift */,
				2D7E2F842ACB2C5D00567507 /* MathDetailVM.swift */,
				2D7E2F9E2ACC028E00567507 /* Cells */,
				2D7E2F832ACB2BF700567507 /* Tabs */,
				2D7E2F922ACBE3D400567507 /* Views */,
			);
			path = MathDetails;
			sourceTree = "<group>";
		};
		2D7E2F732ACB222900567507 /* Preloader */ = {
			isa = PBXGroup;
			children = (
				2D7E2F642ACAB4DB00567507 /* PreloaderView.swift */,
			);
			path = Preloader;
			sourceTree = "<group>";
		};
		2D7E2F742ACB223700567507 /* OnBoarding */ = {
			isa = PBXGroup;
			children = (
				7855F7DE2AC72DF400E1B520 /* OnBoardingView.swift */,
				2D7E2F962ACBE84100567507 /* OnBoardingVM.swift */,
			);
			path = OnBoarding;
			sourceTree = "<group>";
		};
		2D7E2F752ACB226600567507 /* ViewModel-View */ = {
			isa = PBXGroup;
			children = (
				2D7E2F982ACBED5100567507 /* BaseVM.swift */,
				2D7E2F712ACB21CC00567507 /* Home */,
				2D7E2F722ACB21EF00567507 /* MathDetails */,
				2D7E2F742ACB223700567507 /* OnBoarding */,
				2D7E2F732ACB222900567507 /* Preloader */,
				2D7E2F8A2ACBE0ED00567507 /* Root */,
			);
			path = "ViewModel-View";
			sourceTree = "<group>";
		};
		2D7E2F762ACB227600567507 /* Model */ = {
			isa = PBXGroup;
			children = (
				2D7E2F882ACBDFEE00567507 /* AppState.swift */,
				2D7E2F7B2ACB237000567507 /* DependencyContainer.swift */,
				2D7E2F772ACB229100567507 /* Match.swift */,
				2D7E2F792ACB22BF00567507 /* OnBoarding.swift */,
				2D7E2F932ACBE45000567507 /* Services */,
				2D7E2F9A2ACBF06D00567507 /* Event.swift */,
				2D7E2F9C2ACBF3C200567507 /* H2H.swift */,
			);
			path = Model;
			sourceTree = "<group>";
		};
		2D7E2F832ACB2BF700567507 /* Tabs */ = {
			isa = PBXGroup;
			children = (
				2D7E2F7D2ACB2B4300567507 /* LeftTabView.swift */,
				2D7E2F7F2ACB2B6500567507 /* RightTabView.swift */,
				2D7E2F812ACB2BDB00567507 /* TabsView.swift */,
			);
			path = Tabs;
			sourceTree = "<group>";
		};
		2D7E2F8A2ACBE0ED00567507 /* Root */ = {
			isa = PBXGroup;
			children = (
				2D7E2F8C2ACBE12000567507 /* RootView.swift */,
				2D7E2F8B2ACBE12000567507 /* RootVM.swift */,
			);
			path = Root;
			sourceTree = "<group>";
		};
		2D7E2F912ACBE3C300567507 /* Cell */ = {
			isa = PBXGroup;
			children = (
				2D7E2F6D2ACAFCAC00567507 /* HomeCellView.swift */,
				2D7E2F6F2ACAFCDE00567507 /* HomeCellVM.swift */,
			);
			path = Cell;
			sourceTree = "<group>";
		};
		2D7E2F922ACBE3D400567507 /* Views */ = {
			isa = PBXGroup;
			children = (
				2D7E2F862ACB37EC00567507 /* DetailsTitleView.swift */,
			);
			path = Views;
			sourceTree = "<group>";
		};
		2D7E2F932ACBE45000567507 /* Services */ = {
			isa = PBXGroup;
			children = (
				2D7E2F942ACBE47A00567507 /* DataService.swift */,
			);
			path = Services;
			sourceTree = "<group>";
		};
		2D7E2F9E2ACC028E00567507 /* Cells */ = {
			isa = PBXGroup;
			children = (
				2D7E2F9F2ACC02A700567507 /* EventCellVM.swift */,
				2D7E2FA02ACC02A700567507 /* EventCellView.swift */,
				2D7E2FA32ACC197F00567507 /* H2HCellVM.swift */,
				2D7E2FA42ACC197F00567507 /* H2HCellView.swift */,
			);
			path = Cells;
			sourceTree = "<group>";
		};
		78DA96322AC727E40095A49E = {
			isa = PBXGroup;
			children = (
				78DA963D2AC727E40095A49E /* FootballTestTask */,
				78DA964E2AC727E60095A49E /* FootballTestTaskTests */,
				78DA96582AC727E60095A49E /* FootballTestTaskUITests */,
				78DA963C2AC727E40095A49E /* Products */,
			);
			sourceTree = "<group>";
		};
		78DA963C2AC727E40095A49E /* Products */ = {
			isa = PBXGroup;
			children = (
				78DA963B2AC727E40095A49E /* FootballTestTask.app */,
				78DA964B2AC727E60095A49E /* FootballTestTaskTests.xctest */,
				78DA96552AC727E60095A49E /* FootballTestTaskUITests.xctest */,
			);
			name = Products;
			sourceTree = "<group>";
		};
		78DA963D2AC727E40095A49E /* FootballTestTask */ = {
			isa = PBXGroup;
			children = (
				78F0C42D2ACDB57A00FF47F2 /* Project Fonts */,
				2D7E2F672ACABE6E00567507 /* Info.plist */,
				78DA963E2AC727E40095A49E /* FootballTestTaskApp.swift */,
				7855F7DC2AC72D8300E1B520 /* Router.swift */,
				78DA96422AC727E50095A49E /* Assets.xcassets */,
				2D7E2F682ACAD8DF00567507 /* Extensions */,
				2D7E2F762ACB227600567507 /* Model */,
				78DA96442AC727E50095A49E /* Preview Content */,
				2D7E2F752ACB226600567507 /* ViewModel-View */,
			);
			path = FootballTestTask;
			sourceTree = "<group>";
		};
		78DA96442AC727E50095A49E /* Preview Content */ = {
			isa = PBXGroup;
			children = (
				78DA96452AC727E50095A49E /* Preview Assets.xcassets */,
			);
			path = "Preview Content";
			sourceTree = "<group>";
		};
		78DA964E2AC727E60095A49E /* FootballTestTaskTests */ = {
			isa = PBXGroup;
			children = (
				78DA964F2AC727E60095A49E /* FootballTestTaskTests.swift */,
			);
			path = FootballTestTaskTests;
			sourceTree = "<group>";
		};
		78DA96582AC727E60095A49E /* FootballTestTaskUITests */ = {
			isa = PBXGroup;
			children = (
				78DA96592AC727E60095A49E /* FootballTestTaskUITests.swift */,
				78DA965B2AC727E60095A49E /* FootballTestTaskUITestsLaunchTests.swift */,
			);
			path = FootballTestTaskUITests;
			sourceTree = "<group>";
		};
		78F0C42D2ACDB57A00FF47F2 /* Project Fonts */ = {
			isa = PBXGroup;
			children = (
				78A8E9A62ACDD0AC00778FD6 /* SF-Pro-Display-Semibold.otf */,
				78A8E9882ACDB60900778FD6 /* SF-Pro-Text-Black.otf */,
				78A8E9802ACDB60900778FD6 /* SF-Pro-Text-Bold.otf */,
				78A8E9852ACDB60900778FD6 /* SF-Pro-Text-Heavy.otf */,
				78A8E9A42ACDCBE300778FD6 /* SF-Pro-Display-Bold.otf */,
				78A8E97D2ACDB60900778FD6 /* SF-Pro-Text-Light.otf */,
				78A8E9862ACDB60900778FD6 /* SF-Pro-Text-Regular.otf */,
				78A8E9812ACDB60900778FD6 /* SF-Pro-Text-Semibold.otf */,
				78A8E9822ACDB60900778FD6 /* SF-Pro-Text-Thin.otf */,
				78A8E97A2ACDB60800778FD6 /* SF-Pro.ttf */,
			);
			path = "Project Fonts";
			sourceTree = "<group>";
		};
/* End PBXGroup section */

/* Begin PBXNativeTarget section */
		78DA963A2AC727E40095A49E /* FootballTestTask */ = {
			isa = PBXNativeTarget;
			buildConfigurationList = 78DA965F2AC727E60095A49E /* Build configuration list for PBXNativeTarget "FootballTestTask" */;
			buildPhases = (
				78DA96372AC727E40095A49E /* Sources */,
				78DA96382AC727E40095A49E /* Frameworks */,
				78DA96392AC727E40095A49E /* Resources */,
			);
			buildRules = (
			);
			dependencies = (
			);
			name = FootballTestTask;
			productName = FootballTestTask;
			productReference = 78DA963B2AC727E40095A49E /* FootballTestTask.app */;
			productType = "com.apple.product-type.application";
		};
		78DA964A2AC727E60095A49E /* FootballTestTaskTests */ = {
			isa = PBXNativeTarget;
			buildConfigurationList = 78DA96622AC727E60095A49E /* Build configuration list for PBXNativeTarget "FootballTestTaskTests" */;
			buildPhases = (
				78DA96472AC727E60095A49E /* Sources */,
				78DA96482AC727E60095A49E /* Frameworks */,
				78DA96492AC727E60095A49E /* Resources */,
			);
			buildRules = (
			);
			dependencies = (
				78DA964D2AC727E60095A49E /* PBXTargetDependency */,
			);
			name = FootballTestTaskTests;
			productName = FootballTestTaskTests;
			productReference = 78DA964B2AC727E60095A49E /* FootballTestTaskTests.xctest */;
			productType = "com.apple.product-type.bundle.unit-test";
		};
		78DA96542AC727E60095A49E /* FootballTestTaskUITests */ = {
			isa = PBXNativeTarget;
			buildConfigurationList = 78DA96652AC727E60095A49E /* Build configuration list for PBXNativeTarget "FootballTestTaskUITests" */;
			buildPhases = (
				78DA96512AC727E60095A49E /* Sources */,
				78DA96522AC727E60095A49E /* Frameworks */,
				78DA96532AC727E60095A49E /* Resources */,
			);
			buildRules = (
			);
			dependencies = (
				78DA96572AC727E60095A49E /* PBXTargetDependency */,
			);
			name = FootballTestTaskUITests;
			productName = FootballTestTaskUITests;
			productReference = 78DA96552AC727E60095A49E /* FootballTestTaskUITests.xctest */;
			productType = "com.apple.product-type.bundle.ui-testing";
		};
/* End PBXNativeTarget section */

/* Begin PBXProject section */
		78DA96332AC727E40095A49E /* Project object */ = {
			isa = PBXProject;
			attributes = {
				BuildIndependentTargetsInParallel = 1;
				LastSwiftUpdateCheck = 1430;
				LastUpgradeCheck = 1430;
				TargetAttributes = {
					78DA963A2AC727E40095A49E = {
						CreatedOnToolsVersion = 14.3.1;
					};
					78DA964A2AC727E60095A49E = {
						CreatedOnToolsVersion = 14.3.1;
						TestTargetID = 78DA963A2AC727E40095A49E;
					};
					78DA96542AC727E60095A49E = {
						CreatedOnToolsVersion = 14.3.1;
						TestTargetID = 78DA963A2AC727E40095A49E;
					};
				};
			};
			buildConfigurationList = 78DA96362AC727E40095A49E /* Build configuration list for PBXProject "FootballTestTask" */;
			compatibilityVersion = "Xcode 14.0";
			developmentRegion = en;
			hasScannedForEncodings = 0;
			knownRegions = (
				en,
				Base,
			);
			mainGroup = 78DA96322AC727E40095A49E;
			productRefGroup = 78DA963C2AC727E40095A49E /* Products */;
			projectDirPath = "";
			projectRoot = "";
			targets = (
				78DA963A2AC727E40095A49E /* FootballTestTask */,
				78DA964A2AC727E60095A49E /* FootballTestTaskTests */,
				78DA96542AC727E60095A49E /* FootballTestTaskUITests */,
			);
		};
/* End PBXProject section */

/* Begin PBXResourcesBuildPhase section */
		78DA96392AC727E40095A49E /* Resources */ = {
			isa = PBXResourcesBuildPhase;
			buildActionMask = 2147483647;
			files = (
				78A8E9A72ACDD0AC00778FD6 /* SF-Pro-Display-Semibold.otf in Resources */,
				78DA96462AC727E50095A49E /* Preview Assets.xcassets in Resources */,
				78A8E9942ACDB60900778FD6 /* SF-Pro-Text-Semibold.otf in Resources */,
				78A8E9982ACDB60900778FD6 /* SF-Pro-Text-Heavy.otf in Resources */,
				78A8E98D2ACDB60900778FD6 /* SF-Pro.ttf in Resources */,
				78A8E9902ACDB60900778FD6 /* SF-Pro-Text-Light.otf in Resources */,
				78A8E9992ACDB60900778FD6 /* SF-Pro-Text-Regular.otf in Resources */,
				78DA96432AC727E50095A49E /* Assets.xcassets in Resources */,
				78A8E9932ACDB60900778FD6 /* SF-Pro-Text-Bold.otf in Resources */,
				78A8E9952ACDB60900778FD6 /* SF-Pro-Text-Thin.otf in Resources */,
				78A8E99B2ACDB60900778FD6 /* SF-Pro-Text-Black.otf in Resources */,
				78A8E9A52ACDCBE300778FD6 /* SF-Pro-Display-Bold.otf in Resources */,
			);
			runOnlyForDeploymentPostprocessing = 0;
		};
		78DA96492AC727E60095A49E /* Resources */ = {
			isa = PBXResourcesBuildPhase;
			buildActionMask = 2147483647;
			files = (
				78A8E9A02ACDB7D900778FD6 /* SF-Pro.ttf in Resources */,
			);
			runOnlyForDeploymentPostprocessing = 0;
		};
		78DA96532AC727E60095A49E /* Resources */ = {
			isa = PBXResourcesBuildPhase;
			buildActionMask = 2147483647;
			files = (
				78A8E9A12ACDB7D900778FD6 /* SF-Pro.ttf in Resources */,
			);
			runOnlyForDeploymentPostprocessing = 0;
		};
/* End PBXResourcesBuildPhase section */

/* Begin PBXSourcesBuildPhase section */
		78DA96372AC727E40095A49E /* Sources */ = {
			isa = PBXSourcesBuildPhase;
			buildActionMask = 2147483647;
			files = (
				2D7E2F6E2ACAFCAC00567507 /* HomeCellView.swift in Sources */,
				2D7E2F902ACBE17E00567507 /* HomeVM.swift in Sources */,
				2D7E2F802ACB2B6500567507 /* RightTabView.swift in Sources */,
				2D7E2F8D2ACBE12000567507 /* RootVM.swift in Sources */,
				2D7E2F892ACBDFEE00567507 /* AppState.swift in Sources */,
				2D7E2F952ACBE47A00567507 /* DataService.swift in Sources */,
				2D7E2F872ACB37EC00567507 /* DetailsTitleView.swift in Sources */,
				7855F7DD2AC72D8300E1B520 /* Router.swift in Sources */,
				7855F7DB2AC72D3B00E1B520 /* HomeView.swift in Sources */,
				2D7E2FA52ACC197F00567507 /* H2HCellVM.swift in Sources */,
				2D7E2F992ACBED5100567507 /* BaseVM.swift in Sources */,
				2D7E2F652ACAB4DB00567507 /* PreloaderView.swift in Sources */,
				7855F7DF2AC72DF400E1B520 /* OnBoardingView.swift in Sources */,
				2D7E2F9B2ACBF06D00567507 /* Event.swift in Sources */,
				2D7E2FA12ACC02A700567507 /* EventCellVM.swift in Sources */,
				2D7E2F9D2ACBF3C200567507 /* H2H.swift in Sources */,
				2D7E2F972ACBE84100567507 /* OnBoardingVM.swift in Sources */,
				2D7E2F6C2ACAE44900567507 /* Font.swift in Sources */,
				2D7E2F7C2ACB237000567507 /* DependencyContainer.swift in Sources */,
				2D7E2F8E2ACBE12000567507 /* RootView.swift in Sources */,
				2D7E2F852ACB2C5D00567507 /* MathDetailVM.swift in Sources */,
				2D7E2F7A2ACB22BF00567507 /* OnBoarding.swift in Sources */,
				2D7E2F6A2ACAD8F300567507 /* Color.swift in Sources */,
				2D7E2FA22ACC02A700567507 /* EventCellView.swift in Sources */,
				2D7E2F7E2ACB2B4300567507 /* LeftTabView.swift in Sources */,
				78DA963F2AC727E40095A49E /* FootballTestTaskApp.swift in Sources */,
				2D7E2F782ACB229100567507 /* Match.swift in Sources */,
				7855F7E12AC72F2A00E1B520 /* MathDetailView.swift in Sources */,
				2D7E2FA62ACC197F00567507 /* H2HCellView.swift in Sources */,
				2D7E2F822ACB2BDB00567507 /* TabsView.swift in Sources */,
				2D7E2F702ACAFCDE00567507 /* HomeCellVM.swift in Sources */,
			);
			runOnlyForDeploymentPostprocessing = 0;
		};
		78DA96472AC727E60095A49E /* Sources */ = {
			isa = PBXSourcesBuildPhase;
			buildActionMask = 2147483647;
			files = (
				78DA96502AC727E60095A49E /* FootballTestTaskTests.swift in Sources */,
			);
			runOnlyForDeploymentPostprocessing = 0;
		};
		78DA96512AC727E60095A49E /* Sources */ = {
			isa = PBXSourcesBuildPhase;
			buildActionMask = 2147483647;
			files = (
				78DA965C2AC727E60095A49E /* FootballTestTaskUITestsLaunchTests.swift in Sources */,
				78DA965A2AC727E60095A49E /* FootballTestTaskUITests.swift in Sources */,
			);
			runOnlyForDeploymentPostprocessing = 0;
		};
/* End PBXSourcesBuildPhase section */

/* Begin PBXTargetDependency section */
		78DA964D2AC727E60095A49E /* PBXTargetDependency */ = {
			isa = PBXTargetDependency;
			target = 78DA963A2AC727E40095A49E /* FootballTestTask */;
			targetProxy = 78DA964C2AC727E60095A49E /* PBXContainerItemProxy */;
		};
		78DA96572AC727E60095A49E /* PBXTargetDependency */ = {
			isa = PBXTargetDependency;
			target = 78DA963A2AC727E40095A49E /* FootballTestTask */;
			targetProxy = 78DA96562AC727E60095A49E /* PBXContainerItemProxy */;
		};
/* End PBXTargetDependency section */

/* Begin XCBuildConfiguration section */
		78DA965D2AC727E60095A49E /* Debug */ = {
			isa = XCBuildConfiguration;
			buildSettings = {
				ALWAYS_SEARCH_USER_PATHS = NO;
				CLANG_ANALYZER_NONNULL = YES;
				CLANG_ANALYZER_NUMBER_OBJECT_CONVERSION = YES_AGGRESSIVE;
				CLANG_CXX_LANGUAGE_STANDARD = "gnu++20";
				CLANG_ENABLE_MODULES = YES;
				CLANG_ENABLE_OBJC_ARC = YES;
				CLANG_ENABLE_OBJC_WEAK = YES;
				CLANG_WARN_BLOCK_CAPTURE_AUTORELEASING = YES;
				CLANG_WARN_BOOL_CONVERSION = YES;
				CLANG_WARN_COMMA = YES;
				CLANG_WARN_CONSTANT_CONVERSION = YES;
				CLANG_WARN_DEPRECATED_OBJC_IMPLEMENTATIONS = YES;
				CLANG_WARN_DIRECT_OBJC_ISA_USAGE = YES_ERROR;
				CLANG_WARN_DOCUMENTATION_COMMENTS = YES;
				CLANG_WARN_EMPTY_BODY = YES;
				CLANG_WARN_ENUM_CONVERSION = YES;
				CLANG_WARN_INFINITE_RECURSION = YES;
				CLANG_WARN_INT_CONVERSION = YES;
				CLANG_WARN_NON_LITERAL_NULL_CONVERSION = YES;
				CLANG_WARN_OBJC_IMPLICIT_RETAIN_SELF = YES;
				CLANG_WARN_OBJC_LITERAL_CONVERSION = YES;
				CLANG_WARN_OBJC_ROOT_CLASS = YES_ERROR;
				CLANG_WARN_QUOTED_INCLUDE_IN_FRAMEWORK_HEADER = YES;
				CLANG_WARN_RANGE_LOOP_ANALYSIS = YES;
				CLANG_WARN_STRICT_PROTOTYPES = YES;
				CLANG_WARN_SUSPICIOUS_MOVE = YES;
				CLANG_WARN_UNGUARDED_AVAILABILITY = YES_AGGRESSIVE;
				CLANG_WARN_UNREACHABLE_CODE = YES;
				CLANG_WARN__DUPLICATE_METHOD_MATCH = YES;
				COPY_PHASE_STRIP = NO;
				DEBUG_INFORMATION_FORMAT = dwarf;
				ENABLE_STRICT_OBJC_MSGSEND = YES;
				ENABLE_TESTABILITY = YES;
				GCC_C_LANGUAGE_STANDARD = gnu11;
				GCC_DYNAMIC_NO_PIC = NO;
				GCC_NO_COMMON_BLOCKS = YES;
				GCC_OPTIMIZATION_LEVEL = 0;
				GCC_PREPROCESSOR_DEFINITIONS = (
					"DEBUG=1",
					"$(inherited)",
				);
				GCC_WARN_64_TO_32_BIT_CONVERSION = YES;
				GCC_WARN_ABOUT_RETURN_TYPE = YES_ERROR;
				GCC_WARN_UNDECLARED_SELECTOR = YES;
				GCC_WARN_UNINITIALIZED_AUTOS = YES_AGGRESSIVE;
				GCC_WARN_UNUSED_FUNCTION = YES;
				GCC_WARN_UNUSED_VARIABLE = YES;
				IPHONEOS_DEPLOYMENT_TARGET = 16.4;
				MTL_ENABLE_DEBUG_INFO = INCLUDE_SOURCE;
				MTL_FAST_MATH = YES;
				ONLY_ACTIVE_ARCH = YES;
				SDKROOT = iphoneos;
				SWIFT_ACTIVE_COMPILATION_CONDITIONS = DEBUG;
				SWIFT_OPTIMIZATION_LEVEL = "-Onone";
			};
			name = Debug;
		};
		78DA965E2AC727E60095A49E /* Release */ = {
			isa = XCBuildConfiguration;
			buildSettings = {
				ALWAYS_SEARCH_USER_PATHS = NO;
				CLANG_ANALYZER_NONNULL = YES;
				CLANG_ANALYZER_NUMBER_OBJECT_CONVERSION = YES_AGGRESSIVE;
				CLANG_CXX_LANGUAGE_STANDARD = "gnu++20";
				CLANG_ENABLE_MODULES = YES;
				CLANG_ENABLE_OBJC_ARC = YES;
				CLANG_ENABLE_OBJC_WEAK = YES;
				CLANG_WARN_BLOCK_CAPTURE_AUTORELEASING = YES;
				CLANG_WARN_BOOL_CONVERSION = YES;
				CLANG_WARN_COMMA = YES;
				CLANG_WARN_CONSTANT_CONVERSION = YES;
				CLANG_WARN_DEPRECATED_OBJC_IMPLEMENTATIONS = YES;
				CLANG_WARN_DIRECT_OBJC_ISA_USAGE = YES_ERROR;
				CLANG_WARN_DOCUMENTATION_COMMENTS = YES;
				CLANG_WARN_EMPTY_BODY = YES;
				CLANG_WARN_ENUM_CONVERSION = YES;
				CLANG_WARN_INFINITE_RECURSION = YES;
				CLANG_WARN_INT_CONVERSION = YES;
				CLANG_WARN_NON_LITERAL_NULL_CONVERSION = YES;
				CLANG_WARN_OBJC_IMPLICIT_RETAIN_SELF = YES;
				CLANG_WARN_OBJC_LITERAL_CONVERSION = YES;
				CLANG_WARN_OBJC_ROOT_CLASS = YES_ERROR;
				CLANG_WARN_QUOTED_INCLUDE_IN_FRAMEWORK_HEADER = YES;
				CLANG_WARN_RANGE_LOOP_ANALYSIS = YES;
				CLANG_WARN_STRICT_PROTOTYPES = YES;
				CLANG_WARN_SUSPICIOUS_MOVE = YES;
				CLANG_WARN_UNGUARDED_AVAILABILITY = YES_AGGRESSIVE;
				CLANG_WARN_UNREACHABLE_CODE = YES;
				CLANG_WARN__DUPLICATE_METHOD_MATCH = YES;
				COPY_PHASE_STRIP = NO;
				DEBUG_INFORMATION_FORMAT = "dwarf-with-dsym";
				ENABLE_NS_ASSERTIONS = NO;
				ENABLE_STRICT_OBJC_MSGSEND = YES;
				GCC_C_LANGUAGE_STANDARD = gnu11;
				GCC_NO_COMMON_BLOCKS = YES;
				GCC_WARN_64_TO_32_BIT_CONVERSION = YES;
				GCC_WARN_ABOUT_RETURN_TYPE = YES_ERROR;
				GCC_WARN_UNDECLARED_SELECTOR = YES;
				GCC_WARN_UNINITIALIZED_AUTOS = YES_AGGRESSIVE;
				GCC_WARN_UNUSED_FUNCTION = YES;
				GCC_WARN_UNUSED_VARIABLE = YES;
				IPHONEOS_DEPLOYMENT_TARGET = 16.4;
				MTL_ENABLE_DEBUG_INFO = NO;
				MTL_FAST_MATH = YES;
				SDKROOT = iphoneos;
				SWIFT_COMPILATION_MODE = wholemodule;
				SWIFT_OPTIMIZATION_LEVEL = "-O";
				VALIDATE_PRODUCT = YES;
			};
			name = Release;
		};
		78DA96602AC727E60095A49E /* Debug */ = {
			isa = XCBuildConfiguration;
			buildSettings = {
				ASSETCATALOG_COMPILER_APPICON_NAME = AppIcon;
				ASSETCATALOG_COMPILER_GLOBAL_ACCENT_COLOR_NAME = AccentColor;
				CODE_SIGN_STYLE = Automatic;
				CURRENT_PROJECT_VERSION = 1;
				DEVELOPMENT_ASSET_PATHS = "\"FootballTestTask/Preview Content\"";
				ENABLE_PREVIEWS = YES;
				GENERATE_INFOPLIST_FILE = YES;
				INFOPLIST_FILE = FootballTestTask/Info.plist;
				INFOPLIST_KEY_UIApplicationSceneManifest_Generation = YES;
				INFOPLIST_KEY_UIApplicationSupportsIndirectInputEvents = YES;
				INFOPLIST_KEY_UILaunchScreen_Generation = YES;
				INFOPLIST_KEY_UISupportedInterfaceOrientations_iPad = "UIInterfaceOrientationPortrait UIInterfaceOrientationPortraitUpsideDown UIInterfaceOrientationLandscapeLeft UIInterfaceOrientationLandscapeRight";
				INFOPLIST_KEY_UISupportedInterfaceOrientations_iPhone = "UIInterfaceOrientationPortrait UIInterfaceOrientationLandscapeLeft UIInterfaceOrientationLandscapeRight";
				LD_RUNPATH_SEARCH_PATHS = (
					"$(inherited)",
					"@executable_path/Frameworks",
				);
				MARKETING_VERSION = 1.0;
				PRODUCT_BUNDLE_IDENTIFIER = weather.FootballTestTask;
				PRODUCT_NAME = "$(TARGET_NAME)";
				SWIFT_EMIT_LOC_STRINGS = YES;
				SWIFT_VERSION = 5.0;
				TARGETED_DEVICE_FAMILY = "1,2";
			};
			name = Debug;
		};
		78DA96612AC727E60095A49E /* Release */ = {
			isa = XCBuildConfiguration;
			buildSettings = {
				ASSETCATALOG_COMPILER_APPICON_NAME = AppIcon;
				ASSETCATALOG_COMPILER_GLOBAL_ACCENT_COLOR_NAME = AccentColor;
				CODE_SIGN_STYLE = Automatic;
				CURRENT_PROJECT_VERSION = 1;
				DEVELOPMENT_ASSET_PATHS = "\"FootballTestTask/Preview Content\"";
				ENABLE_PREVIEWS = YES;
				GENERATE_INFOPLIST_FILE = YES;
				INFOPLIST_FILE = FootballTestTask/Info.plist;
				INFOPLIST_KEY_UIApplicationSceneManifest_Generation = YES;
				INFOPLIST_KEY_UIApplicationSupportsIndirectInputEvents = YES;
				INFOPLIST_KEY_UILaunchScreen_Generation = YES;
				INFOPLIST_KEY_UISupportedInterfaceOrientations_iPad = "UIInterfaceOrientationPortrait UIInterfaceOrientationPortraitUpsideDown UIInterfaceOrientationLandscapeLeft UIInterfaceOrientationLandscapeRight";
				INFOPLIST_KEY_UISupportedInterfaceOrientations_iPhone = "UIInterfaceOrientationPortrait UIInterfaceOrientationLandscapeLeft UIInterfaceOrientationLandscapeRight";
				LD_RUNPATH_SEARCH_PATHS = (
					"$(inherited)",
					"@executable_path/Frameworks",
				);
				MARKETING_VERSION = 1.0;
				PRODUCT_BUNDLE_IDENTIFIER = weather.FootballTestTask;
				PRODUCT_NAME = "$(TARGET_NAME)";
				SWIFT_EMIT_LOC_STRINGS = YES;
				SWIFT_VERSION = 5.0;
				TARGETED_DEVICE_FAMILY = "1,2";
			};
			name = Release;
		};
		78DA96632AC727E60095A49E /* Debug */ = {
			isa = XCBuildConfiguration;
			buildSettings = {
				ALWAYS_EMBED_SWIFT_STANDARD_LIBRARIES = YES;
				BUNDLE_LOADER = "$(TEST_HOST)";
				CODE_SIGN_STYLE = Automatic;
				CURRENT_PROJECT_VERSION = 1;
				GENERATE_INFOPLIST_FILE = YES;
				IPHONEOS_DEPLOYMENT_TARGET = 16.4;
				MARKETING_VERSION = 1.0;
				PRODUCT_BUNDLE_IDENTIFIER = weather.FootballTestTaskTests;
				PRODUCT_NAME = "$(TARGET_NAME)";
				SWIFT_EMIT_LOC_STRINGS = NO;
				SWIFT_VERSION = 5.0;
				TARGETED_DEVICE_FAMILY = "1,2";
				TEST_HOST = "$(BUILT_PRODUCTS_DIR)/FootballTestTask.app/$(BUNDLE_EXECUTABLE_FOLDER_PATH)/FootballTestTask";
			};
			name = Debug;
		};
		78DA96642AC727E60095A49E /* Release */ = {
			isa = XCBuildConfiguration;
			buildSettings = {
				ALWAYS_EMBED_SWIFT_STANDARD_LIBRARIES = YES;
				BUNDLE_LOADER = "$(TEST_HOST)";
				CODE_SIGN_STYLE = Automatic;
				CURRENT_PROJECT_VERSION = 1;
				GENERATE_INFOPLIST_FILE = YES;
				IPHONEOS_DEPLOYMENT_TARGET = 16.4;
				MARKETING_VERSION = 1.0;
				PRODUCT_BUNDLE_IDENTIFIER = weather.FootballTestTaskTests;
				PRODUCT_NAME = "$(TARGET_NAME)";
				SWIFT_EMIT_LOC_STRINGS = NO;
				SWIFT_VERSION = 5.0;
				TARGETED_DEVICE_FAMILY = "1,2";
				TEST_HOST = "$(BUILT_PRODUCTS_DIR)/FootballTestTask.app/$(BUNDLE_EXECUTABLE_FOLDER_PATH)/FootballTestTask";
			};
			name = Release;
		};
		78DA96662AC727E60095A49E /* Debug */ = {
			isa = XCBuildConfiguration;
			buildSettings = {
				ALWAYS_EMBED_SWIFT_STANDARD_LIBRARIES = YES;
				CODE_SIGN_STYLE = Automatic;
				CURRENT_PROJECT_VERSION = 1;
				GENERATE_INFOPLIST_FILE = YES;
				MARKETING_VERSION = 1.0;
				PRODUCT_BUNDLE_IDENTIFIER = weather.FootballTestTaskUITests;
				PRODUCT_NAME = "$(TARGET_NAME)";
				SWIFT_EMIT_LOC_STRINGS = NO;
				SWIFT_VERSION = 5.0;
				TARGETED_DEVICE_FAMILY = "1,2";
				TEST_TARGET_NAME = FootballTestTask;
			};
			name = Debug;
		};
		78DA96672AC727E60095A49E /* Release */ = {
			isa = XCBuildConfiguration;
			buildSettings = {
				ALWAYS_EMBED_SWIFT_STANDARD_LIBRARIES = YES;
				CODE_SIGN_STYLE = Automatic;
				CURRENT_PROJECT_VERSION = 1;
				GENERATE_INFOPLIST_FILE = YES;
				MARKETING_VERSION = 1.0;
				PRODUCT_BUNDLE_IDENTIFIER = weather.FootballTestTaskUITests;
				PRODUCT_NAME = "$(TARGET_NAME)";
				SWIFT_EMIT_LOC_STRINGS = NO;
				SWIFT_VERSION = 5.0;
				TARGETED_DEVICE_FAMILY = "1,2";
				TEST_TARGET_NAME = FootballTestTask;
			};
			name = Release;
		};
/* End XCBuildConfiguration section */

/* Begin XCConfigurationList section */
		78DA96362AC727E40095A49E /* Build configuration list for PBXProject "FootballTestTask" */ = {
			isa = XCConfigurationList;
			buildConfigurations = (
				78DA965D2AC727E60095A49E /* Debug */,
				78DA965E2AC727E60095A49E /* Release */,
			);
			defaultConfigurationIsVisible = 0;
			defaultConfigurationName = Release;
		};
		78DA965F2AC727E60095A49E /* Build configuration list for PBXNativeTarget "FootballTestTask" */ = {
			isa = XCConfigurationList;
			buildConfigurations = (
				78DA96602AC727E60095A49E /* Debug */,
				78DA96612AC727E60095A49E /* Release */,
			);
			defaultConfigurationIsVisible = 0;
			defaultConfigurationName = Release;
		};
		78DA96622AC727E60095A49E /* Build configuration list for PBXNativeTarget "FootballTestTaskTests" */ = {
			isa = XCConfigurationList;
			buildConfigurations = (
				78DA96632AC727E60095A49E /* Debug */,
				78DA96642AC727E60095A49E /* Release */,
			);
			defaultConfigurationIsVisible = 0;
			defaultConfigurationName = Release;
		};
		78DA96652AC727E60095A49E /* Build configuration list for PBXNativeTarget "FootballTestTaskUITests" */ = {
			isa = XCConfigurationList;
			buildConfigurations = (
				78DA96662AC727E60095A49E /* Debug */,
				78DA96672AC727E60095A49E /* Release */,
			);
			defaultConfigurationIsVisible = 0;
			defaultConfigurationName = Release;
		};
/* End XCConfigurationList section */
	};
	rootObject = 78DA96332AC727E40095A49E /* Project object */;
}
